
Microsoft Visual Studio Solution File, Format Version 12.00
# Visual Studio 14
VisualStudioVersion = 14.0.24720.0
MinimumVisualStudioVersion = 10.0.40219.1
Project("{FAE04EC0-301F-11D3-BF4B-00C04F79EFBC}") = "BanksMap", "BanksMap\BanksMap.csproj", "{B28D4254-7ED2-4D23-92B4-A07CB001212D}"
EndProject
Project("{FAE04EC0-301F-11D3-BF4B-00C04F79EFBC}") = "Database", "Database\Database.csproj", "{6F7A3300-EC5A-486C-986B-7F18767E5D05}"
EndProject
Project("{FAE04EC0-301F-11D3-BF4B-00C04F79EFBC}") = "MapBanks", "MapBanks\MapBanks.csproj", "{4FF8BE2C-FA4B-4079-8651-930E82EECEE4}"
EndProject
Global
	GlobalSection(SolutionConfigurationPlatforms) = preSolution
		Debug|Any CPU = Debug|Any CPU
		Release|Any CPU = Release|Any CPU
	EndGlobalSection
	GlobalSection(ProjectConfigurationPlatforms) = postSolution
		{B28D4254-7ED2-4D23-92B4-A07CB001212D}.Debug|Any CPU.ActiveCfg = Debug|Any CPU
		{B28D4254-7ED2-4D23-92B4-A07CB001212D}.Debug|Any CPU.Build.0 = Debug|Any CPU
		{B28D4254-7ED2-4D23-92B4-A07CB001212D}.Release|Any CPU.ActiveCfg = Release|Any CPU
		{B28D4254-7ED2-4D23-92B4-A07CB001212D}.Release|Any CPU.Build.0 = Release|Any CPU
		{6F7A3300-EC5A-486C-986B-7F18767E5D05}.Debug|Any CPU.ActiveCfg = Debug|Any CPU
		{6F7A3300-EC5A-486C-986B-7F18767E5D05}.Debug|Any CPU.Build.0 = Debug|Any CPU
		{6F7A3300-EC5A-486C-986B-7F18767E5D05}.Release|Any CPU.ActiveCfg = Release|Any CPU
		{6F7A3300-EC5A-486C-986B-7F18767E5D05}.Release|Any CPU.Build.0 = Release|Any CPU
		{4FF8BE2C-FA4B-4079-8651-930E82EECEE4}.Debug|Any CPU.ActiveCfg = Debug|Any CPU
		{4FF8BE2C-FA4B-4079-8651-930E82EECEE4}.Debug|Any CPU.Build.0 = Debug|Any CPU
		{4FF8BE2C-FA4B-4079-8651-930E82EECEE4}.Release|Any CPU.ActiveCfg = Release|Any CPU
		{4FF8BE2C-FA4B-4079-8651-930E82EECEE4}.Release|Any CPU.Build.0 = Release|Any CPU
	EndGlobalSection
	GlobalSection(SolutionProperties) = preSolution
		HideSolutionNode = FALSE
	EndGlobalSection
EndGlobal
